{
  "name": "shogi-supplement",
  "version": "unspecified",
  "lockfileVersion": 3,
  "requires": true,
  "packages": {
    "": {
      "name": "shogi-supplement",
      "version": "unspecified",
      "workspaces": [
        "packages/shogi-supplement-analysis",
        "packages/shogi-supplement-analysis-test",
        "packages/shogi-supplement-kifu",
        "packages/shogi-supplement-kifu-test"
      ],
      "devDependencies": {}
    },
    "node_modules/shogi-supplement-analysis": {
      "resolved": "packages/shogi-supplement-analysis",
      "link": true
    },
    "node_modules/shogi-supplement-analysis-test": {
      "resolved": "packages/shogi-supplement-analysis-test",
      "link": true
    },
    "node_modules/shogi-supplement-kifu": {
      "resolved": "packages/shogi-supplement-kifu",
      "link": true
    },
    "node_modules/shogi-supplement-kifu-test": {
      "resolved": "packages/shogi-supplement-kifu-test",
      "link": true
    },
    "packages_imported/Kotlin-DateTime-library-kotlinx-datetime-wasm-js/0.7.1": {
      "name": "Kotlin-DateTime-library-kotlinx-datetime-wasm-js",
      "version": "0.7.1",
      "extraneous": true,
      "dependencies": {
        "@js-joda/core": "3.2.0"
      },
      "devDependencies": {}
    },
    "packages_imported/skiko-js-wasm-runtime/0.9.22-2": {
      "name": "skiko-js-wasm-runtime",
      "version": "0.9.22-2",
      "extraneous": true,
      "devDependencies": {}
    },
    "packages_imported/skiko-wasm-js/0.9.22-2": {
      "name": "skiko-wasm-js",
      "version": "0.9.22-2",
      "extraneous": true,
      "devDependencies": {}
    },
    "packages/shogi-supplement-analysis": {
      "version": "0.0.0-unspecified",
      "devDependencies": {}
    },
    "packages/shogi-supplement-analysis-test": {
      "version": "0.0.0-unspecified",
      "devDependencies": {}
    },
    "packages/shogi-supplement-kifu": {
      "version": "0.0.0-unspecified",
      "devDependencies": {}
    },
    "packages/shogi-supplement-kifu-test": {
      "version": "0.0.0-unspecified",
      "devDependencies": {}
    },
    "packages/shogi-supplement-webspike": {
      "version": "0.0.0-unspecified",
      "extraneous": true,
      "dependencies": {
        "@js-joda/core": "3.2.0"
      },
      "devDependencies": {}
    },
    "packages/shogi-supplement-webspike-test": {
      "version": "0.0.0-unspecified",
      "extraneous": true,
      "dependencies": {
        "@js-joda/core": "3.2.0"
      },
      "devDependencies": {}
    }
  }
}
